<Solution>
  <Configurations>
    <Platform Name="x64" />
    <Platform Name="x86" />
  </Configurations>
  <Project Path="Tests/ModernThreadSafeStack.Tests/ModernThreadSafeStack.Tests.vcxproj" Id="7f150933-516e-4c74-89b3-73754086ff32" />
  <Project Path="Tests/SharedPtrWaitingThreadSafeStack.Tests/SharedPtrWaitingThreadSafeStack.Tests.vcxproj" Id="5f6662cb-9d21-4ce5-8716-77bdad8212a8" />
  <Project Path="Tests/WaitingThreadSafeStack.Tests/WaitingThreadSafeStack.Tests.vcxproj" Id="763327fa-3786-480d-8bf6-856899243cd6" />
  <Project Path="ThreadSafeStack/ThreadSafeStack.vcxproj" Id="fcf27f67-3832-4d60-a114-fd618ddb9116" />
</Solution>
